
Microsoft Visual Studio Solution File, Format Version 12.00
# Visual Studio Version 17
VisualStudioVersion = 17.8.34511.84
MinimumVisualStudioVersion = 10.0.40219.1
Project("{9A19103F-16F7-4668-BE54-9A1E7A4F7556}") = "MagicVilla_VillaAPI", "MagicVilla_VillaAPI\MagicVilla_VillaAPI.csproj", "{EE625FFC-A8FA-4A31-9A10-DAEBA791B1C0}"
EndProject
Project("{FAE04EC0-301F-11D3-BF4B-00C04F79EFBC}") = "MagicVilla_Web", "MagicVilla_Web\MagicVilla_Web.csproj", "{A05433D5-F58E-4ACA-BDB3-B4021DF62AE1}"
EndProject
Project("{FAE04EC0-301F-11D3-BF4B-00C04F79EFBC}") = "MagicVilla_Utility", "MagicVilla_Utility\MagicVilla_Utility.csproj", "{7D831124-62B4-448E-8909-61900E6AE7B4}"
EndProject
Global
	GlobalSection(SolutionConfigurationPlatforms) = preSolution
		Debug|Any CPU = Debug|Any CPU
		Release|Any CPU = Release|Any CPU
	EndGlobalSection
	GlobalSection(ProjectConfigurationPlatforms) = postSolution
		{EE625FFC-A8FA-4A31-9A10-DAEBA791B1C0}.Debug|Any CPU.ActiveCfg = Debug|Any CPU
		{EE625FFC-A8FA-4A31-9A10-DAEBA791B1C0}.Debug|Any CPU.Build.0 = Debug|Any CPU
		{EE625FFC-A8FA-4A31-9A10-DAEBA791B1C0}.Release|Any CPU.ActiveCfg = Release|Any CPU
		{EE625FFC-A8FA-4A31-9A10-DAEBA791B1C0}.Release|Any CPU.Build.0 = Release|Any CPU
		{A05433D5-F58E-4ACA-BDB3-B4021DF62AE1}.Debug|Any CPU.ActiveCfg = Debug|Any CPU
		{A05433D5-F58E-4ACA-BDB3-B4021DF62AE1}.Debug|Any CPU.Build.0 = Debug|Any CPU
		{A05433D5-F58E-4ACA-BDB3-B4021DF62AE1}.Release|Any CPU.ActiveCfg = Release|Any CPU
		{A05433D5-F58E-4ACA-BDB3-B4021DF62AE1}.Release|Any CPU.Build.0 = Release|Any CPU
		{7D831124-62B4-448E-8909-61900E6AE7B4}.Debug|Any CPU.ActiveCfg = Debug|Any CPU
		{7D831124-62B4-448E-8909-61900E6AE7B4}.Debug|Any CPU.Build.0 = Debug|Any CPU
		{7D831124-62B4-448E-8909-61900E6AE7B4}.Release|Any CPU.ActiveCfg = Release|Any CPU
		{7D831124-62B4-448E-8909-61900E6AE7B4}.Release|Any CPU.Build.0 = Release|Any CPU
	EndGlobalSection
	GlobalSection(SolutionProperties) = preSolution
		HideSolutionNode = FALSE
	EndGlobalSection
	GlobalSection(ExtensibilityGlobals) = postSolution
		SolutionGuid = {8CB9C25A-9E35-4163-8005-AB0B0D52E3F6}
	EndGlobalSection
EndGlobal
